
Microsoft Visual Studio Solution File, Format Version 12.00
# Visual Studio Version 16
VisualStudioVersion = 16.0.31729.503
MinimumVisualStudioVersion = 10.0.40219.1
Project("{FAE04EC0-301F-11D3-BF4B-00C04F79EFBC}") = "piknik hra", "piknik hra\piknik hra.csproj", "{40D377E1-B801-43D3-8C66-439E9B1561EC}"
EndProject
Global
	GlobalSection(SolutionConfigurationPlatforms) = preSolution
		Debug|Any CPU = Debug|Any CPU
		Release|Any CPU = Release|Any CPU
	EndGlobalSection
	GlobalSection(ProjectConfigurationPlatforms) = postSolution
		{40D377E1-B801-43D3-8C66-439E9B1561EC}.Debug|Any CPU.ActiveCfg = Debug|Any CPU
		{40D377E1-B801-43D3-8C66-439E9B1561EC}.Debug|Any CPU.Build.0 = Debug|Any CPU
		{40D377E1-B801-43D3-8C66-439E9B1561EC}.Release|Any CPU.ActiveCfg = Release|Any CPU
		{40D377E1-B801-43D3-8C66-439E9B1561EC}.Release|Any CPU.Build.0 = Release|Any CPU
	EndGlobalSection
	GlobalSection(SolutionProperties) = preSolution
		HideSolutionNode = FALSE
	EndGlobalSection
	GlobalSection(ExtensibilityGlobals) = postSolution
		SolutionGuid = {C60513B4-A527-4F5F-93ED-907D3E711D05}
	EndGlobalSection
EndGlobal
